// !$*UTF8*$!
{
	archiveVersion = 1;
	classes = {
	};
	objectVersion = 50;
	objects = {

/* Begin PBXBuildFile section */
		1BBCD2B71A465DF2369B18A6 /* libPods-SetingListDemo.a in Frameworks */ = {isa = PBXBuildFile; fileRef = D91DC34D6D536991F47CA3F8 /* libPods-SetingListDemo.a */; };
		3C2AA24A228022B50017E38B /* AppDelegate.m in Sources */ = {isa = PBXBuildFile; fileRef = 3C2AA249228022B50017E38B /* AppDelegate.m */; };
		3C2AA24D228022B50017E38B /* ViewController.m in Sources */ = {isa = PBXBuildFile; fileRef = 3C2AA24C228022B50017E38B /* ViewController.m */; };
		3C2AA250228022B50017E38B /* Main.storyboard in Resources */ = {isa = PBXBuildFile; fileRef = 3C2AA24E228022B50017E38B /* Main.storyboard */; };
		3C2AA252228022B60017E38B /* Assets.xcassets in Resources */ = {isa = PBXBuildFile; fileRef = 3C2AA251228022B60017E38B /* Assets.xcassets */; };
		3C2AA255228022B60017E38B /* LaunchScreen.storyboard in Resources */ = {isa = PBXBuildFile; fileRef = 3C2AA253228022B60017E38B /* LaunchScreen.storyboard */; };
		3C2AA258228022B60017E38B /* main.m in Sources */ = {isa = PBXBuildFile; fileRef = 3C2AA257228022B60017E38B /* main.m */; };
		3C2AA262228022B60017E38B /* SetingListDemoTests.m in Sources */ = {isa = PBXBuildFile; fileRef = 3C2AA261228022B60017E38B /* SetingListDemoTests.m */; };
		3C2AA26D228022B60017E38B /* SetingListDemoUITests.m in Sources */ = {isa = PBXBuildFile; fileRef = 3C2AA26C228022B60017E38B /* SetingListDemoUITests.m */; };
		3C2AA2912280287B0017E38B /* SetingListVM.m in Sources */ = {isa = PBXBuildFile; fileRef = 3C2AA2902280287B0017E38B /* SetingListVM.m */; };
		3C2AA29422802A460017E38B /* ListItemModel.m in Sources */ = {isa = PBXBuildFile; fileRef = 3C2AA29322802A460017E38B /* ListItemModel.m */; };
		3C2AA2A022816B9E0017E38B /* ListItemCell.m in Sources */ = {isa = PBXBuildFile; fileRef = 3C2AA29F22816B9E0017E38B /* ListItemCell.m */; };
		3C2AA2A92282BDEE0017E38B /* SetingListInfo.plist in Resources */ = {isa = PBXBuildFile; fileRef = 3C2AA2A82282BDEE0017E38B /* SetingListInfo.plist */; };
		3C2AA2AC2282D2D50017E38B /* ListSectionModel.m in Sources */ = {isa = PBXBuildFile; fileRef = 3C2AA2AB2282D2D50017E38B /* ListSectionModel.m */; };
/* End PBXBuildFile section */

/* Begin PBXContainerItemProxy section */
		3C2AA25E228022B60017E38B /* PBXContainerItemProxy */ = {
			isa = PBXContainerItemProxy;
			containerPortal = 3C2AA23D228022B50017E38B /* Project object */;
			proxyType = 1;
			remoteGlobalIDString = 3C2AA244228022B50017E38B;
			remoteInfo = SetingListDemo;
		};
		3C2AA269228022B60017E38B /* PBXContainerItemProxy */ = {
			isa = PBXContainerItemProxy;
			containerPortal = 3C2AA23D228022B50017E38B /* Project object */;
			proxyType = 1;
			remoteGlobalIDString = 3C2AA244228022B50017E38B;
			remoteInfo = SetingListDemo;
		};
/* End PBXContainerItemProxy section */

/* Begin PBXFileReference section */
		22E4FA3977B4C71F3349B928 /* Pods-SetingListDemo.release.xcconfig */ = {isa = PBXFileReference; includeInIndex = 1; lastKnownFileType = text.xcconfig; name = "Pods-SetingListDemo.release.xcconfig"; path = "Pods/Target Support Files/Pods-SetingListDemo/Pods-SetingListDemo.release.xcconfig"; sourceTree = "<group>"; };
		3C2AA245228022B50017E38B /* SetingListDemo.app */ = {isa = PBXFileReference; explicitFileType = wrapper.application; includeInIndex = 0; path = SetingListDemo.app; sourceTree = BUILT_PRODUCTS_DIR; };
		3C2AA248228022B50017E38B /* AppDelegate.h */ = {isa = PBXFileReference; lastKnownFileType = sourcecode.c.h; path = AppDelegate.h; sourceTree = "<group>"; };
		3C2AA249228022B50017E38B /* AppDelegate.m */ = {isa = PBXFileReference; lastKnownFileType = sourcecode.c.objc; path = AppDelegate.m; sourceTree = "<group>"; };
		3C2AA24B228022B50017E38B /* ViewController.h */ = {isa = PBXFileReference; lastKnownFileType = sourcecode.c.h; path = ViewController.h; sourceTree = "<group>"; };
		3C2AA24C228022B50017E38B /* ViewController.m */ = {isa = PBXFileReference; lastKnownFileType = sourcecode.c.objc; path = ViewController.m; sourceTree = "<group>"; };
		3C2AA24F228022B50017E38B /* Base */ = {isa = PBXFileReference; lastKnownFileType = file.storyboard; name = Base; path = Base.lproj/Main.storyboard; sourceTree = "<group>"; };
		3C2AA251228022B60017E38B /* Assets.xcassets */ = {isa = PBXFileReference; lastKnownFileType = folder.assetcatalog; path = Assets.xcassets; sourceTree = "<group>"; };
		3C2AA254228022B60017E38B /* Base */ = {isa = PBXFileReference; lastKnownFileType = file.storyboard; name = Base; path = Base.lproj/LaunchScreen.storyboard; sourceTree = "<group>"; };
		3C2AA256228022B60017E38B /* Info.plist */ = {isa = PBXFileReference; lastKnownFileType = text.plist.xml; path = Info.plist; sourceTree = "<group>"; };
		3C2AA257228022B60017E38B /* main.m */ = {isa = PBXFileReference; lastKnownFileType = sourcecode.c.objc; path = main.m; sourceTree = "<group>"; };
		3C2AA25D228022B60017E38B /* SetingListDemoTests.xctest */ = {isa = PBXFileReference; explicitFileType = wrapper.cfbundle; includeInIndex = 0; path = SetingListDemoTests.xctest; sourceTree = BUILT_PRODUCTS_DIR; };
		3C2AA261228022B60017E38B /* SetingListDemoTests.m */ = {isa = PBXFileReference; lastKnownFileType = sourcecode.c.objc; path = SetingListDemoTests.m; sourceTree = "<group>"; };
		3C2AA263228022B60017E38B /* Info.plist */ = {isa = PBXFileReference; lastKnownFileType = text.plist.xml; path = Info.plist; sourceTree = "<group>"; };
		3C2AA268228022B60017E38B /* SetingListDemoUITests.xctest */ = {isa = PBXFileReference; explicitFileType = wrapper.cfbundle; includeInIndex = 0; path = SetingListDemoUITests.xctest; sourceTree = BUILT_PRODUCTS_DIR; };
		3C2AA26C228022B60017E38B /* SetingListDemoUITests.m */ = {isa = PBXFileReference; lastKnownFileType = sourcecode.c.objc; path = SetingListDemoUITests.m; sourceTree = "<group>"; };
		3C2AA26E228022B60017E38B /* Info.plist */ = {isa = PBXFileReference; lastKnownFileType = text.plist.xml; path = Info.plist; sourceTree = "<group>"; };
		3C2AA28F2280287B0017E38B /* SetingListVM.h */ = {isa = PBXFileReference; lastKnownFileType = sourcecode.c.h; path = SetingListVM.h; sourceTree = "<group>"; };
		3C2AA2902280287B0017E38B /* SetingListVM.m */ = {isa = PBXFileReference; lastKnownFileType = sourcecode.c.objc; path = SetingListVM.m; sourceTree = "<group>"; };
		3C2AA29222802A460017E38B /* ListItemModel.h */ = {isa = PBXFileReference; lastKnownFileType = sourcecode.c.h; path = ListItemModel.h; sourceTree = "<group>"; };
		3C2AA29322802A460017E38B /* ListItemModel.m */ = {isa = PBXFileReference; lastKnownFileType = sourcecode.c.objc; path = ListItemModel.m; sourceTree = "<group>"; };
		3C2AA29E22816B9E0017E38B /* ListItemCell.h */ = {isa = PBXFileReference; lastKnownFileType = sourcecode.c.h; path = ListItemCell.h; sourceTree = "<group>"; };
		3C2AA29F22816B9E0017E38B /* ListItemCell.m */ = {isa = PBXFileReference; lastKnownFileType = sourcecode.c.objc; path = ListItemCell.m; sourceTree = "<group>"; };
		3C2AA2A3228177E50017E38B /* PrefixHeader.pch */ = {isa = PBXFileReference; lastKnownFileType = sourcecode.c.h; path = PrefixHeader.pch; sourceTree = "<group>"; };
		3C2AA2A82282BDEE0017E38B /* SetingListInfo.plist */ = {isa = PBXFileReference; lastKnownFileType = text.plist.xml; path = SetingListInfo.plist; sourceTree = "<group>"; };
		3C2AA2AA2282D2D50017E38B /* ListSectionModel.h */ = {isa = PBXFileReference; lastKnownFileType = sourcecode.c.h; path = ListSectionModel.h; sourceTree = "<group>"; };
		3C2AA2AB2282D2D50017E38B /* ListSectionModel.m */ = {isa = PBXFileReference; lastKnownFileType = sourcecode.c.objc; path = ListSectionModel.m; sourceTree = "<group>"; };
		6D5BCE66498791FA00DEB978 /* Pods-SetingListDemo.debug.xcconfig */ = {isa = PBXFileReference; includeInIndex = 1; lastKnownFileType = text.xcconfig; name = "Pods-SetingListDemo.debug.xcconfig"; path = "Pods/Target Support Files/Pods-SetingListDemo/Pods-SetingListDemo.debug.xcconfig"; sourceTree = "<group>"; };
		D91DC34D6D536991F47CA3F8 /* libPods-SetingListDemo.a */ = {isa = PBXFileReference; explicitFileType = archive.ar; includeInIndex = 0; path = "libPods-SetingListDemo.a"; sourceTree = BUILT_PRODUCTS_DIR; };
/* End PBXFileReference section */

/* Begin PBXFrameworksBuildPhase section */
		3C2AA242228022B50017E38B /* Frameworks */ = {
			isa = PBXFrameworksBuildPhase;
			buildActionMask = 2147483647;
			files = (
				1BBCD2B71A465DF2369B18A6 /* libPods-SetingListDemo.a in Frameworks */,
			);
			runOnlyForDeploymentPostprocessing = 0;
		};
		3C2AA25A228022B60017E38B /* Frameworks */ = {
			isa = PBXFrameworksBuildPhase;
			buildActionMask = 2147483647;
			files = (
			);
			runOnlyForDeploymentPostprocessing = 0;
		};
		3C2AA265228022B60017E38B /* Frameworks */ = {
			isa = PBXFrameworksBuildPhase;
			buildActionMask = 2147483647;
			files = (
			);
			runOnlyForDeploymentPostprocessing = 0;
		};
/* End PBXFrameworksBuildPhase section */

/* Begin PBXGroup section */
		3C2AA23C228022B50017E38B = {
			isa = PBXGroup;
			children = (
				3C2AA247228022B50017E38B /* SetingListDemo */,
				3C2AA260228022B60017E38B /* SetingListDemoTests */,
				3C2AA26B228022B60017E38B /* SetingListDemoUITests */,
				3C2AA246228022B50017E38B /* Products */,
				7A1B9BE451BC7E3D429A8439 /* Pods */,
				9D7B1D922661FEF4438CA61A /* Frameworks */,
			);
			sourceTree = "<group>";
		};
		3C2AA246228022B50017E38B /* Products */ = {
			isa = PBXGroup;
			children = (
				3C2AA245228022B50017E38B /* SetingListDemo.app */,
				3C2AA25D228022B60017E38B /* SetingListDemoTests.xctest */,
				3C2AA268228022B60017E38B /* SetingListDemoUITests.xctest */,
			);
			name = Products;
			sourceTree = "<group>";
		};
		3C2AA247228022B50017E38B /* SetingListDemo */ = {
			isa = PBXGroup;
			children = (
				3C2AA28A228026FA0017E38B /* Class */,
				3C2AA248228022B50017E38B /* AppDelegate.h */,
				3C2AA249228022B50017E38B /* AppDelegate.m */,
				3C2AA24B228022B50017E38B /* ViewController.h */,
				3C2AA24C228022B50017E38B /* ViewController.m */,
				3C2AA24E228022B50017E38B /* Main.storyboard */,
				3C2AA251228022B60017E38B /* Assets.xcassets */,
				3C2AA253228022B60017E38B /* LaunchScreen.storyboard */,
				3C2AA256228022B60017E38B /* Info.plist */,
				3C2AA257228022B60017E38B /* main.m */,
			);
			path = SetingListDemo;
			sourceTree = "<group>";
		};
		3C2AA260228022B60017E38B /* SetingListDemoTests */ = {
			isa = PBXGroup;
			children = (
				3C2AA261228022B60017E38B /* SetingListDemoTests.m */,
				3C2AA263228022B60017E38B /* Info.plist */,
			);
			path = SetingListDemoTests;
			sourceTree = "<group>";
		};
		3C2AA26B228022B60017E38B /* SetingListDemoUITests */ = {
			isa = PBXGroup;
			children = (
				3C2AA26C228022B60017E38B /* SetingListDemoUITests.m */,
				3C2AA26E228022B60017E38B /* Info.plist */,
			);
			path = SetingListDemoUITests;
			sourceTree = "<group>";
		};
		3C2AA28A228026FA0017E38B /* Class */ = {
			isa = PBXGroup;
			children = (
				3C2AA2A2228177B10017E38B /* Other */,
				3C2AA28E228027460017E38B /* ViewModel */,
				3C2AA28D2280273D0017E38B /* Model */,
				3C2AA28C2280272F0017E38B /* View */,
				3C2AA28B228027040017E38B /* Controller */,
			);
			path = Class;
			sourceTree = "<group>";
		};
		3C2AA28B228027040017E38B /* Controller */ = {
			isa = PBXGroup;
			children = (
			);
			path = Controller;
			sourceTree = "<group>";
		};
		3C2AA28C2280272F0017E38B /* View */ = {
			isa = PBXGroup;
			children = (
				3C2AA29E22816B9E0017E38B /* ListItemCell.h */,
				3C2AA29F22816B9E0017E38B /* ListItemCell.m */,
			);
			path = View;
			sourceTree = "<group>";
		};
		3C2AA28D2280273D0017E38B /* Model */ = {
			isa = PBXGroup;
			children = (
				3C2AA29222802A460017E38B /* ListItemModel.h */,
				3C2AA29322802A460017E38B /* ListItemModel.m */,
				3C2AA2AA2282D2D50017E38B /* ListSectionModel.h */,
				3C2AA2AB2282D2D50017E38B /* ListSectionModel.m */,
			);
			path = Model;
			sourceTree = "<group>";
		};
		3C2AA28E228027460017E38B /* ViewModel */ = {
			isa = PBXGroup;
			children = (
				3C2AA28F2280287B0017E38B /* SetingListVM.h */,
				3C2AA2902280287B0017E38B /* SetingListVM.m */,
			);
			path = ViewModel;
			sourceTree = "<group>";
		};
		3C2AA2A2228177B10017E38B /* Other */ = {
			isa = PBXGroup;
			children = (
				3C2AA2A3228177E50017E38B /* PrefixHeader.pch */,
				3C2AA2A82282BDEE0017E38B /* SetingListInfo.plist */,
			);
			path = Other;
			sourceTree = "<group>";
		};
		7A1B9BE451BC7E3D429A8439 /* Pods */ = {
			isa = PBXGroup;
			children = (
				6D5BCE66498791FA00DEB978 /* Pods-SetingListDemo.debug.xcconfig */,
				22E4FA3977B4C71F3349B928 /* Pods-SetingListDemo.release.xcconfig */,
			);
			name = Pods;
			sourceTree = "<group>";
		};
		9D7B1D922661FEF4438CA61A /* Frameworks */ = {
			isa = PBXGroup;
			children = (
				D91DC34D6D536991F47CA3F8 /* libPods-SetingListDemo.a */,
			);
			name = Frameworks;
			sourceTree = "<group>";
		};
/* End PBXGroup section */

/* Begin PBXNativeTarget section */
		3C2AA244228022B50017E38B /* SetingListDemo */ = {
			isa = PBXNativeTarget;
			buildConfigurationList = 3C2AA271228022B60017E38B /* Build configuration list for PBXNativeTarget "SetingListDemo" */;
			buildPhases = (
				9501BF23C6C60DBC2A067BD6 /* [CP] Check Pods Manifest.lock */,
				3C2AA241228022B50017E38B /* Sources */,
				3C2AA242228022B50017E38B /* Frameworks */,
				3C2AA243228022B50017E38B /* Resources */,
				9DEAEF228D0D8893DB96779F /* [CP] Copy Pods Resources */,
			);
			buildRules = (
			);
			dependencies = (
			);
			name = SetingListDemo;
			productName = SetingListDemo;
			productReference = 3C2AA245228022B50017E38B /* SetingListDemo.app */;
			productType = "com.apple.product-type.application";
		};
		3C2AA25C228022B60017E38B /* SetingListDemoTests */ = {
			isa = PBXNativeTarget;
			buildConfigurationList = 3C2AA274228022B60017E38B /* Build configuration list for PBXNativeTarget "SetingListDemoTests" */;
			buildPhases = (
				3C2AA259228022B60017E38B /* Sources */,
				3C2AA25A228022B60017E38B /* Frameworks */,
				3C2AA25B228022B60017E38B /* Resources */,
			);
			buildRules = (
			);
			dependencies = (
				3C2AA25F228022B60017E38B /* PBXTargetDependency */,
			);
			name = SetingListDemoTests;
			productName = SetingListDemoTests;
			productReference = 3C2AA25D228022B60017E38B /* SetingListDemoTests.xctest */;
			productType = "com.apple.product-type.bundle.unit-test";
		};
		3C2AA267228022B60017E38B /* SetingListDemoUITests */ = {
			isa = PBXNativeTarget;
			buildConfigurationList = 3C2AA277228022B60017E38B /* Build configuration list for PBXNativeTarget "SetingListDemoUITests" */;
			buildPhases = (
				3C2AA264228022B60017E38B /* Sources */,
				3C2AA265228022B60017E38B /* Frameworks */,
				3C2AA266228022B60017E38B /* Resources */,
			);
			buildRules = (
			);
			dependencies = (
				3C2AA26A228022B60017E38B /* PBXTargetDependency */,
			);
			name = SetingListDemoUITests;
			productName = SetingListDemoUITests;
			productReference = 3C2AA268228022B60017E38B /* SetingListDemoUITests.xctest */;
			productType = "com.apple.product-type.bundle.ui-testing";
		};
/* End PBXNativeTarget section */

/* Begin PBXProject section */
		3C2AA23D228022B50017E38B /* Project object */ = {
			isa = PBXProject;
			attributes = {
				LastUpgradeCheck = 1020;
				ORGANIZATIONNAME = ZX;
				TargetAttributes = {
					3C2AA244228022B50017E38B = {
						CreatedOnToolsVersion = 10.2.1;
					};
					3C2AA25C228022B60017E38B = {
						CreatedOnToolsVersion = 10.2.1;
						TestTargetID = 3C2AA244228022B50017E38B;
					};
					3C2AA267228022B60017E38B = {
						CreatedOnToolsVersion = 10.2.1;
						TestTargetID = 3C2AA244228022B50017E38B;
					};
				};
			};
			buildConfigurationList = 3C2AA240228022B50017E38B /* Build configuration list for PBXProject "SetingListDemo" */;
			compatibilityVersion = "Xcode 9.3";
			developmentRegion = en;
			hasScannedForEncodings = 0;
			knownRegions = (
				en,
				Base,
			);
			mainGroup = 3C2AA23C228022B50017E38B;
			productRefGroup = 3C2AA246228022B50017E38B /* Products */;
			projectDirPath = "";
			projectRoot = "";
			targets = (
				3C2AA244228022B50017E38B /* SetingListDemo */,
				3C2AA25C228022B60017E38B /* SetingListDemoTests */,
				3C2AA267228022B60017E38B /* SetingListDemoUITests */,
			);
		};
/* End PBXProject section */

/* Begin PBXResourcesBuildPhase section */
		3C2AA243228022B50017E38B /* Resources */ = {
			isa = PBXResourcesBuildPhase;
			buildActionMask = 2147483647;
			files = (
				3C2AA2A92282BDEE0017E38B /* SetingListInfo.plist in Resources */,
				3C2AA255228022B60017E38B /* LaunchScreen.storyboard in Resources */,
				3C2AA252228022B60017E38B /* Assets.xcassets in Resources */,
				3C2AA250228022B50017E38B /* Main.storyboard in Resources */,
			);
			runOnlyForDeploymentPostprocessing = 0;
		};
		3C2AA25B228022B60017E38B /* Resources */ = {
			isa = PBXResourcesBuildPhase;
			buildActionMask = 2147483647;
			files = (
			);
			runOnlyForDeploymentPostprocessing = 0;
		};
		3C2AA266228022B60017E38B /* Resources */ = {
			isa = PBXResourcesBuildPhase;
			buildActionMask = 2147483647;
			files = (
			);
			runOnlyForDeploymentPostprocessing = 0;
		};
/* End PBXResourcesBuildPhase section */

/* Begin PBXShellScriptBuildPhase section */
		9501BF23C6C60DBC2A067BD6 /* [CP] Check Pods Manifest.lock */ = {
			isa = PBXShellScriptBuildPhase;
			buildActionMask = 2147483647;
			files = (
			);
			inputPaths = (
				"${PODS_PODFILE_DIR_PATH}/Podfile.lock",
				"${PODS_ROOT}/Manifest.lock",
			);
			name = "[CP] Check Pods Manifest.lock";
			outputPaths = (
				"$(DERIVED_FILE_DIR)/Pods-SetingListDemo-checkManifestLockResult.txt",
			);
			runOnlyForDeploymentPostprocessing = 0;
			shellPath = /bin/sh;
			shellScript = "diff \"${PODS_PODFILE_DIR_PATH}/Podfile.lock\" \"${PODS_ROOT}/Manifest.lock\" > /dev/null\nif [ $? != 0 ] ; then\n    # print error to STDERR\n    echo \"error: The sandbox is not in sync with the Podfile.lock. Run 'pod install' or update your CocoaPods installation.\" >&2\n    exit 1\nfi\n# This output is used by Xcode 'outputs' to avoid re-running this script phase.\necho \"SUCCESS\" > \"${SCRIPT_OUTPUT_FILE_0}\"\n";
			showEnvVarsInLog = 0;
		};
		9DEAEF228D0D8893DB96779F /* [CP] Copy Pods Resources */ = {
			isa = PBXShellScriptBuildPhase;
			buildActionMask = 2147483647;
			files = (
			);
			inputPaths = (
				"${SRCROOT}/Pods/Target Support Files/Pods-SetingListDemo/Pods-SetingListDemo-resources.sh",
				"${PODS_ROOT}/MJRefresh/MJRefresh/MJRefresh.bundle",
			);
			name = "[CP] Copy Pods Resources";
			outputPaths = (
				"${TARGET_BUILD_DIR}/${UNLOCALIZED_RESOURCES_FOLDER_PATH}/MJRefresh.bundle",
			);
			runOnlyForDeploymentPostprocessing = 0;
			shellPath = /bin/sh;
			shellScript = "\"${SRCROOT}/Pods/Target Support Files/Pods-SetingListDemo/Pods-SetingListDemo-resources.sh\"\n";
			showEnvVarsInLog = 0;
		};
/* End PBXShellScriptBuildPhase section */

/* Begin PBXSourcesBuildPhase section */
		3C2AA241228022B50017E38B /* Sources */ = {
			isa = PBXSourcesBuildPhase;
			buildActionMask = 2147483647;
			files = (
				3C2AA24D228022B50017E38B /* ViewController.m in Sources */,
				3C2AA258228022B60017E38B /* main.m in Sources */,
				3C2AA2AC2282D2D50017E38B /* ListSectionModel.m in Sources */,
				3C2AA2A022816B9E0017E38B /* ListItemCell.m in Sources */,
				3C2AA29422802A460017E38B /* ListItemModel.m in Sources */,
				3C2AA2912280287B0017E38B /* SetingListVM.m in Sources */,
				3C2AA24A228022B50017E38B /* AppDelegate.m in Sources */,
			);
			runOnlyForDeploymentPostprocessing = 0;
		};
		3C2AA259228022B60017E38B /* Sources */ = {
			isa = PBXSourcesBuildPhase;
			buildActionMask = 2147483647;
			files = (
				3C2AA262228022B60017E38B /* SetingListDemoTests.m in Sources */,
			);
			runOnlyForDeploymentPostprocessing = 0;
		};
		3C2AA264228022B60017E38B /* Sources */ = {
			isa = PBXSourcesBuildPhase;
			buildActionMask = 2147483647;
			files = (
				3C2AA26D228022B60017E38B /* SetingListDemoUITests.m in Sources */,
			);
			runOnlyForDeploymentPostprocessing = 0;
		};
/* End PBXSourcesBuildPhase section */

/* Begin PBXTargetDependency section */
		3C2AA25F228022B60017E38B /* PBXTargetDependency */ = {
			isa = PBXTargetDependency;
			target = 3C2AA244228022B50017E38B /* SetingListDemo */;
			targetProxy = 3C2AA25E228022B60017E38B /* PBXContainerItemProxy */;
		};
		3C2AA26A228022B60017E38B /* PBXTargetDependency */ = {
			isa = PBXTargetDependency;
			target = 3C2AA244228022B50017E38B /* SetingListDemo */;
			targetProxy = 3C2AA269228022B60017E38B /* PBXContainerItemProxy */;
		};
/* End PBXTargetDependency section */

/* Begin PBXVariantGroup section */
		3C2AA24E228022B50017E38B /* Main.storyboard */ = {
			isa = PBXVariantGroup;
			children = (
				3C2AA24F228022B50017E38B /* Base */,
			);
			name = Main.storyboard;
			sourceTree = "<group>";
		};
		3C2AA253228022B60017E38B /* LaunchScreen.storyboard */ = {
			isa = PBXVariantGroup;
			children = (
				3C2AA254228022B60017E38B /* Base */,
			);
			name = LaunchScreen.storyboard;
			sourceTree = "<group>";
		};
/* End PBXVariantGroup section */

/* Begin XCBuildConfiguration section */
		3C2AA26F228022B60017E38B /* Debug */ = {
			isa = XCBuildConfiguration;
			buildSettings = {
				ALWAYS_SEARCH_USER_PATHS = NO;
				CLANG_ANALYZER_NONNULL = YES;
				CLANG_ANALYZER_NUMBER_OBJECT_CONVERSION = YES_AGGRESSIVE;
				CLANG_CXX_LANGUAGE_STANDARD = "gnu++14";
				CLANG_CXX_LIBRARY = "libc++";
				CLANG_ENABLE_MODULES = YES;
				CLANG_ENABLE_OBJC_ARC = YES;
				CLANG_ENABLE_OBJC_WEAK = YES;
				CLANG_WARN_BLOCK_CAPTURE_AUTORELEASING = YES;
				CLANG_WARN_BOOL_CONVERSION = YES;
				CLANG_WARN_COMMA = YES;
				CLANG_WARN_CONSTANT_CONVERSION = YES;
				CLANG_WARN_DEPRECATED_OBJC_IMPLEMENTATIONS = YES;
				CLANG_WARN_DIRECT_OBJC_ISA_USAGE = YES_ERROR;
				CLANG_WARN_DOCUMENTATION_COMMENTS = YES;
				CLANG_WARN_EMPTY_BODY = YES;
				CLANG_WARN_ENUM_CONVERSION = YES;
				CLANG_WARN_INFINITE_RECURSION = YES;
				CLANG_WARN_INT_CONVERSION = YES;
				CLANG_WARN_NON_LITERAL_NULL_CONVERSION = YES;
				CLANG_WARN_OBJC_IMPLICIT_RETAIN_SELF = YES;
				CLANG_WARN_OBJC_LITERAL_CONVERSION = YES;
				CLANG_WARN_OBJC_ROOT_CLASS = YES_ERROR;
				CLANG_WARN_RANGE_LOOP_ANALYSIS = YES;
				CLANG_WARN_STRICT_PROTOTYPES = YES;
				CLANG_WARN_SUSPICIOUS_MOVE = YES;
				CLANG_WARN_UNGUARDED_AVAILABILITY = YES_AGGRESSIVE;
				CLANG_WARN_UNREACHABLE_CODE = YES;
				CLANG_WARN__DUPLICATE_METHOD_MATCH = YES;
				CODE_SIGN_IDENTITY = "iPhone Developer";
				COPY_PHASE_STRIP = NO;
				DEBUG_INFORMATION_FORMAT = dwarf;
				ENABLE_STRICT_OBJC_MSGSEND = YES;
				ENABLE_TESTABILITY = YES;
				GCC_C_LANGUAGE_STANDARD = gnu11;
				GCC_DYNAMIC_NO_PIC = NO;
				GCC_NO_COMMON_BLOCKS = YES;
				GCC_OPTIMIZATION_LEVEL = 0;
				GCC_PRECOMPILE_PREFIX_HEADER = YES;
				GCC_PREFIX_HEADER = "$(SRCROOT)/SetingListDemo/Class/Other/PrefixHeader.pch";
				GCC_PREPROCESSOR_DEFINITIONS = (
					"DEBUG=1",
					"$(inherited)",
				);
				GCC_WARN_64_TO_32_BIT_CONVERSION = YES;
				GCC_WARN_ABOUT_RETURN_TYPE = YES_ERROR;
				GCC_WARN_UNDECLARED_SELECTOR = YES;
				GCC_WARN_UNINITIALIZED_AUTOS = YES_AGGRESSIVE;
				GCC_WARN_UNUSED_FUNCTION = YES;
				GCC_WARN_UNUSED_VARIABLE = YES;
				IPHONEOS_DEPLOYMENT_TARGET = 12.2;
				MTL_ENABLE_DEBUG_INFO = INCLUDE_SOURCE;
				MTL_FAST_MATH = YES;
				ONLY_ACTIVE_ARCH = YES;
				SDKROOT = iphoneos;
			};
			name = Debug;
		};
		3C2AA270228022B60017E38B /* Release */ = {
			isa = XCBuildConfiguration;
			buildSettings = {
				ALWAYS_SEARCH_USER_PATHS = NO;
				CLANG_ANALYZER_NONNULL = YES;
				CLANG_ANALYZER_NUMBER_OBJECT_CONVERSION = YES_AGGRESSIVE;
				CLANG_CXX_LANGUAGE_STANDARD = "gnu++14";
				CLANG_CXX_LIBRARY = "libc++";
				CLANG_ENABLE_MODULES = YES;
				CLANG_ENABLE_OBJC_ARC = YES;
				CLANG_ENABLE_OBJC_WEAK = YES;
				CLANG_WARN_BLOCK_CAPTURE_AUTORELEASING = YES;
				CLANG_WARN_BOOL_CONVERSION = YES;
				CLANG_WARN_COMMA = YES;
				CLANG_WARN_CONSTANT_CONVERSION = YES;
				CLANG_WARN_DEPRECATED_OBJC_IMPLEMENTATIONS = YES;
				CLANG_WARN_DIRECT_OBJC_ISA_USAGE = YES_ERROR;
				CLANG_WARN_DOCUMENTATION_COMMENTS = YES;
				CLANG_WARN_EMPTY_BODY = YES;
				CLANG_WARN_ENUM_CONVERSION = YES;
				CLANG_WARN_INFINITE_RECURSION = YES;
				CLANG_WARN_INT_CONVERSION = YES;
				CLANG_WARN_NON_LITERAL_NULL_CONVERSION = YES;
				CLANG_WARN_OBJC_IMPLICIT_RETAIN_SELF = YES;
				CLANG_WARN_OBJC_LITERAL_CONVERSION = YES;
				CLANG_WARN_OBJC_ROOT_CLASS = YES_ERROR;
				CLANG_WARN_RANGE_LOOP_ANALYSIS = YES;
				CLANG_WARN_STRICT_PROTOTYPES = YES;
				CLANG_WARN_SUSPICIOUS_MOVE = YES;
				CLANG_WARN_UNGUARDED_AVAILABILITY = YES_AGGRESSIVE;
				CLANG_WARN_UNREACHABLE_CODE = YES;
				CLANG_WARN__DUPLICATE_METHOD_MATCH = YES;
				CODE_SIGN_IDENTITY = "iPhone Developer";
				COPY_PHASE_STRIP = NO;
				DEBUG_INFORMATION_FORMAT = "dwarf-with-dsym";
				ENABLE_NS_ASSERTIONS = NO;
				ENABLE_STRICT_OBJC_MSGSEND = YES;
				GCC_C_LANGUAGE_STANDARD = gnu11;
				GCC_NO_COMMON_BLOCKS = YES;
				GCC_PRECOMPILE_PREFIX_HEADER = YES;
				GCC_PREFIX_HEADER = "$(SRCROOT)/SetingListDemo/Class/Other/PrefixHeader.pch";
				GCC_WARN_64_TO_32_BIT_CONVERSION = YES;
				GCC_WARN_ABOUT_RETURN_TYPE = YES_ERROR;
				GCC_WARN_UNDECLARED_SELECTOR = YES;
				GCC_WARN_UNINITIALIZED_AUTOS = YES_AGGRESSIVE;
				GCC_WARN_UNUSED_FUNCTION = YES;
				GCC_WARN_UNUSED_VARIABLE = YES;
				IPHONEOS_DEPLOYMENT_TARGET = 12.2;
				MTL_ENABLE_DEBUG_INFO = NO;
				MTL_FAST_MATH = YES;
				SDKROOT = iphoneos;
				VALIDATE_PRODUCT = YES;
			};
			name = Release;
		};
		3C2AA272228022B60017E38B /* Debug */ = {
			isa = XCBuildConfiguration;
			baseConfigurationReference = 6D5BCE66498791FA00DEB978 /* Pods-SetingListDemo.debug.xcconfig */;
			buildSettings = {
				ASSETCATALOG_COMPILER_APPICON_NAME = AppIcon;
				CODE_SIGN_STYLE = Automatic;
				DEVELOPMENT_TEAM = 484G6WE6BR;
				INFOPLIST_FILE = SetingListDemo/Info.plist;
				LD_RUNPATH_SEARCH_PATHS = (
					"$(inherited)",
					"@executable_path/Frameworks",
				);
				PRODUCT_BUNDLE_IDENTIFIER = com.ZX.SetingListDemo;
				PRODUCT_NAME = "$(TARGET_NAME)";
				TARGETED_DEVICE_FAMILY = "1,2";
			};
			name = Debug;
		};
		3C2AA273228022B60017E38B /* Release */ = {
			isa = XCBuildConfiguration;
			baseConfigurationReference = 22E4FA3977B4C71F3349B928 /* Pods-SetingListDemo.release.xcconfig */;
			buildSettings = {
				ASSETCATALOG_COMPILER_APPICON_NAME = AppIcon;
				CODE_SIGN_STYLE = Automatic;
				DEVELOPMENT_TEAM = 484G6WE6BR;
				INFOPLIST_FILE = SetingListDemo/Info.plist;
				LD_RUNPATH_SEARCH_PATHS = (
					"$(inherited)",
					"@executable_path/Frameworks",
				);
				PRODUCT_BUNDLE_IDENTIFIER = com.ZX.SetingListDemo;
				PRODUCT_NAME = "$(TARGET_NAME)";
				TARGETED_DEVICE_FAMILY = "1,2";
			};
			name = Release;
		};
		3C2AA275228022B60017E38B /* Debug */ = {
			isa = XCBuildConfiguration;
			buildSettings = {
				BUNDLE_LOADER = "$(TEST_HOST)";
				CODE_SIGN_STYLE = Automatic;
				DEVELOPMENT_TEAM = 484G6WE6BR;
				INFOPLIST_FILE = SetingListDemoTests/Info.plist;
				LD_RUNPATH_SEARCH_PATHS = (
					"$(inherited)",
					"@executable_path/Frameworks",
					"@loader_path/Frameworks",
				);
				PRODUCT_BUNDLE_IDENTIFIER = com.ZX.SetingListDemoTests;
				PRODUCT_NAME = "$(TARGET_NAME)";
				TARGETED_DEVICE_FAMILY = "1,2";
				TEST_HOST = "$(BUILT_PRODUCTS_DIR)/SetingListDemo.app/SetingListDemo";
			};
			name = Debug;
		};
		3C2AA276228022B60017E38B /* Release */ = {
			isa = XCBuildConfiguration;
			buildSettings = {
				BUNDLE_LOADER = "$(TEST_HOST)";
				CODE_SIGN_STYLE = Automatic;
				DEVELOPMENT_TEAM = 484G6WE6BR;
				INFOPLIST_FILE = SetingListDemoTests/Info.plist;
				LD_RUNPATH_SEARCH_PATHS = (
					"$(inherited)",
					"@executable_path/Frameworks",
					"@loader_path/Frameworks",
				);
				PRODUCT_BUNDLE_IDENTIFIER = com.ZX.SetingListDemoTests;
				PRODUCT_NAME = "$(TARGET_NAME)";
				TARGETED_DEVICE_FAMILY = "1,2";
				TEST_HOST = "$(BUILT_PRODUCTS_DIR)/SetingListDemo.app/SetingListDemo";
			};
			name = Release;
		};
		3C2AA278228022B60017E38B /* Debug */ = {
			isa = XCBuildConfiguration;
			buildSettings = {
				CODE_SIGN_STYLE = Automatic;
				DEVELOPMENT_TEAM = 484G6WE6BR;
				INFOPLIST_FILE = SetingListDemoUITests/Info.plist;
				LD_RUNPATH_SEARCH_PATHS = (
					"$(inherited)",
					"@executable_path/Frameworks",
					"@loader_path/Frameworks",
				);
				PRODUCT_BUNDLE_IDENTIFIER = com.ZX.SetingListDemoUITests;
				PRODUCT_NAME = "$(TARGET_NAME)";
				TARGETED_DEVICE_FAMILY = "1,2";
				TEST_TARGET_NAME = SetingListDemo;
			};
			name = Debug;
		};
		3C2AA279228022B60017E38B /* Release */ = {
			isa = XCBuildConfiguration;
			buildSettings = {
				CODE_SIGN_STYLE = Automatic;
				DEVELOPMENT_TEAM = 484G6WE6BR;
				INFOPLIST_FILE = SetingListDemoUITests/Info.plist;
				LD_RUNPATH_SEARCH_PATHS = (
					"$(inherited)",
					"@executable_path/Frameworks",
					"@loader_path/Frameworks",
				);
				PRODUCT_BUNDLE_IDENTIFIER = com.ZX.SetingListDemoUITests;
				PRODUCT_NAME = "$(TARGET_NAME)";
				TARGETED_DEVICE_FAMILY = "1,2";
				TEST_TARGET_NAME = SetingListDemo;
			};
			name = Release;
		};
/* End XCBuildConfiguration section */

/* Begin XCConfigurationList section */
		3C2AA240228022B50017E38B /* Build configuration list for PBXProject "SetingListDemo" */ = {
			isa = XCConfigurationList;
			buildConfigurations = (
				3C2AA26F228022B60017E38B /* Debug */,
				3C2AA270228022B60017E38B /* Release */,
			);
			defaultConfigurationIsVisible = 0;
			defaultConfigurationName = Release;
		};
		3C2AA271228022B60017E38B /* Build configuration list for PBXNativeTarget "SetingListDemo" */ = {
			isa = XCConfigurationList;
			buildConfigurations = (
				3C2AA272228022B60017E38B /* Debug */,
				3C2AA273228022B60017E38B /* Release */,
			);
			defaultConfigurationIsVisible = 0;
			defaultConfigurationName = Release;
		};
		3C2AA274228022B60017E38B /* Build configuration list for PBXNativeTarget "SetingListDemoTests" */ = {
			isa = XCConfigurationList;
			buildConfigurations = (
				3C2AA275228022B60017E38B /* Debug */,
				3C2AA276228022B60017E38B /* Release */,
			);
			defaultConfigurationIsVisible = 0;
			defaultConfigurationName = Release;
		};
		3C2AA277228022B60017E38B /* Build configuration list for PBXNativeTarget "SetingListDemoUITests" */ = {
			isa = XCConfigurationList;
			buildConfigurations = (
				3C2AA278228022B60017E38B /* Debug */,
				3C2AA279228022B60017E38B /* Release */,
			);
			defaultConfigurationIsVisible = 0;
			defaultConfigurationName = Release;
		};
/* End XCConfigurationList section */
	};
	rootObject = 3C2AA23D228022B50017E38B /* Project object */;
}
